
Microsoft Visual Studio Solution File, Format Version 12.00
# Visual Studio Version 16
VisualStudioVersion = 16.0.31410.357
MinimumVisualStudioVersion = 10.0.40219.1
Project("{FAE04EC0-301F-11D3-BF4B-00C04F79EFBC}") = "FrontEntrevista", "FrontEntrevista\FrontEntrevista.csproj", "{D18F737A-41B2-41C3-AE67-B191C31821DC}"
EndProject
Global
	GlobalSection(SolutionConfigurationPlatforms) = preSolution
		Debug|Any CPU = Debug|Any CPU
		Release|Any CPU = Release|Any CPU
	EndGlobalSection
	GlobalSection(ProjectConfigurationPlatforms) = postSolution
		{D18F737A-41B2-41C3-AE67-B191C31821DC}.Debug|Any CPU.ActiveCfg = Debug|Any CPU
		{D18F737A-41B2-41C3-AE67-B191C31821DC}.Debug|Any CPU.Build.0 = Debug|Any CPU
		{D18F737A-41B2-41C3-AE67-B191C31821DC}.Release|Any CPU.ActiveCfg = Release|Any CPU
		{D18F737A-41B2-41C3-AE67-B191C31821DC}.Release|Any CPU.Build.0 = Release|Any CPU
	EndGlobalSection
	GlobalSection(SolutionProperties) = preSolution
		HideSolutionNode = FALSE
	EndGlobalSection
	GlobalSection(ExtensibilityGlobals) = postSolution
		SolutionGuid = {B587058E-004D-4930-85B8-67D8B0D4E866}
	EndGlobalSection
EndGlobal
